
Microsoft Visual Studio Solution File, Format Version 12.00
# Visual Studio 15
VisualStudioVersion = 15.0.28307.136
MinimumVisualStudioVersion = 10.0.40219.1
Project("{FAE04EC0-301F-11D3-BF4B-00C04F79EFBC}") = "EditXamlLines", "EditXamlLines\EditXamlLines.csproj", "{3790E7D6-508D-40C4-8A46-CCA5E6B84162}"
EndProject
Global
	GlobalSection(SolutionConfigurationPlatforms) = preSolution
		Debug|Any CPU = Debug|Any CPU
		Release|Any CPU = Release|Any CPU
	EndGlobalSection
	GlobalSection(ProjectConfigurationPlatforms) = postSolution
		{3790E7D6-508D-40C4-8A46-CCA5E6B84162}.Debug|Any CPU.ActiveCfg = Debug|Any CPU
		{3790E7D6-508D-40C4-8A46-CCA5E6B84162}.Debug|Any CPU.Build.0 = Debug|Any CPU
		{3790E7D6-508D-40C4-8A46-CCA5E6B84162}.Release|Any CPU.ActiveCfg = Release|Any CPU
		{3790E7D6-508D-40C4-8A46-CCA5E6B84162}.Release|Any CPU.Build.0 = Release|Any CPU
	EndGlobalSection
	GlobalSection(SolutionProperties) = preSolution
		HideSolutionNode = FALSE
	EndGlobalSection
	GlobalSection(ExtensibilityGlobals) = postSolution
		SolutionGuid = {48C79599-EBBB-4572-9C02-A9DA70C1EB47}
	EndGlobalSection
EndGlobal
